# THIS IS AN AUTOGENERATED FILE. DO NOT EDIT THIS FILE DIRECTLY.
# yarn lockfile v1


boolbase@^1.0.0:
  version "1.0.0"
  resolved "https://registry.yarnpkg.com/boolbase/-/boolbase-1.0.0.tgz#68dff5fbe60c51eb37725ea9e3ed310dcc1e776e"
  integrity sha1-aN/1++YMUes3cl6p4+0xDcwed24=

css-select@^4.2.1:
  version "4.3.0"
  resolved "https://registry.yarnpkg.com/css-select/-/css-select-4.3.0.tgz#db7129b2846662fd8628cfc496abb2b59e41529b"
  integrity sha512-wPpOYtnsVontu2mODhA19JrqWxNsfdatRKd64kmpRbQgh1KtItko5sTnEpPdpSaJszTOhEMlF/RPz28qj4HqhQ==
  dependencies:
    boolbase "^1.0.0"
    css-what "^6.0.1"
    domhandler "^4.3.1"
    domutils "^2.8.0"
    nth-check "^2.0.1"

css-what@^6.0.1:
  version "6.0.1"
  resolved "https://registry.yarnpkg.com/css-what/-/css-what-6.0.1.tgz#3be33be55b9f302f710ba3a9c3abc1e2a63fc7eb"
  integrity sha512-z93ZGFLNc6yaoXAmVhqoSIb+BduplteCt1fepvwhBUQK6MNE4g6fgjpuZKJKp0esUe+vXWlIkwZZjNWoOKw0ZA==

cssom@^0.5.0:
  version "0.5.0"
  resolved "https://registry.yarnpkg.com/cssom/-/cssom-0.5.0.tgz#d254fa92cd8b6fbd83811b9fbaed34663cc17c36"
  integrity sha512-iKuQcq+NdHqlAcwUY0o/HL69XQrUaQdMjmStJ8JFmUaiiQErlhrmuigkg/CU4E2J0IyUKUrMAgl36TvN67MqTw==

dom-serializer@^1.0.1:
  version "1.3.2"
  resolved "https://registry.yarnpkg.com/dom-serializer/-/dom-serializer-1.3.2.tgz#6206437d32ceefaec7161803230c7a20bc1b4d91"
  integrity sha512-5c54Bk5Dw4qAxNOI1pFEizPSjVsx5+bpJKmL2kPn8JhBUq2q09tTCa3mjijun2NfK78NMouDYNMBkOrPZiS+ig==
  dependencies:
    domelementtype "^2.0.1"
    domhandler "^4.2.0"
    entities "^2.0.0"

domelementtype@^2.0.1, domelementtype@^2.2.0:
  version "2.2.0"
  resolved "https://registry.yarnpkg.com/domelementtype/-/domelementtype-2.2.0.tgz#9a0b6c2782ed6a1c7323d42267183df9bd8b1d57"
  integrity sha512-DtBMo82pv1dFtUmHyr48beiuq792Sxohr+8Hm9zoxklYPfa6n0Z3Byjj2IV7bmr2IyqClnqEQhfgHJJ5QF0R5A==

domhandler@^4.2.0, domhandler@^4.2.2, domhandler@^4.3.1:
  version "4.3.1"
  resolved "https://registry.yarnpkg.com/domhandler/-/domhandler-4.3.1.tgz#8d792033416f59d68bc03a5aa7b018c1ca89279c"
  integrity sha512-GrwoxYN+uWlzO8uhUXRl0P+kHE4GtVPfYzVLcUxPL7KNdHKj66vvlhiweIHqYYXWlw+T8iLMp42Lm67ghw4WMQ==
  dependencies:
    domelementtype "^2.2.0"

domutils@^2.8.0:
  version "2.8.0"
  resolved "https://registry.yarnpkg.com/domutils/-/domutils-2.8.0.tgz#4437def5db6e2d1f5d6ee859bd95ca7d02048135"
  integrity sha512-w96Cjofp72M5IIhpjgobBimYEfoPjx1Vx0BSX9P30WBdZW2WIKU0T1Bd0kz2eNZ9ikjKgHbEyKx8BB6H1L3h3A==
  dependencies:
    dom-serializer "^1.0.1"
    domelementtype "^2.2.0"
    domhandler "^4.2.0"

entities@^2.0.0:
  version "2.2.0"
  resolved "https://registry.yarnpkg.com/entities/-/entities-2.2.0.tgz#098dc90ebb83d8dffa089d55256b351d34c4da55"
  integrity sha512-p92if5Nz619I0w+akJrLZH0MX0Pb5DX39XOwQTtXSdQQOaYH03S1uIQp4mhOZtAXrxq4ViO67YTiLBo2638o9A==

entities@^3.0.1:
  version "3.0.1"
  resolved "https://registry.yarnpkg.com/entities/-/entities-3.0.1.tgz#2b887ca62585e96db3903482d336c1006c3001d4"
  integrity sha512-WiyBqoomrwMdFG1e0kqvASYfnlb0lp8M5o5Fw2OFq1hNZxxcNk8Ik0Xm7LxzBhuidnZB/UtBqVCgUz3kBOP51Q==

html-escaper@^3.0.3:
  version "3.0.3"
  resolved "https://registry.yarnpkg.com/html-escaper/-/html-escaper-3.0.3.tgz#4d336674652beb1dcbc29ef6b6ba7f6be6fdfed6"
  integrity sha512-RuMffC89BOWQoY0WKGpIhn5gX3iI54O6nRA0yC124NYVtzjmFWBIiFd8M0x+ZdX0P9R4lADg1mgP8C7PxGOWuQ==

htmlparser2@^7.2.0:
  version "7.2.0"
  resolved "https://registry.yarnpkg.com/htmlparser2/-/htmlparser2-7.2.0.tgz#8817cdea38bbc324392a90b1990908e81a65f5a5"
  integrity sha512-H7MImA4MS6cw7nbyURtLPO1Tms7C5H602LRETv95z1MxO/7CP7rDVROehUYeYBUYEON94NXXDEPmZuq+hX4sog==
  dependencies:
    domelementtype "^2.0.1"
    domhandler "^4.2.2"
    domutils "^2.8.0"
    entities "^3.0.1"

linkedom@^0.14.5:
  version "0.14.5"
  resolved "https://registry.yarnpkg.com/linkedom/-/linkedom-0.14.5.tgz#b5ac554649203745ec99d1cc2d33d213de8804f9"
  integrity sha512-E2n33a7e3qJ2jFzv6ZIaHnQYKcM1Ay/qYIvi5TrUiVpIa1i3maFLaOutPIdZYNFjfrTV4vjGo9fUwiEsasontQ==
  dependencies:
    css-select "^4.2.1"
    cssom "^0.5.0"
    html-escaper "^3.0.3"
    htmlparser2 "^7.2.0"
    uhyphen "^0.1.0"

nth-check@^2.0.1:
  version "2.0.1"
  resolved "https://registry.yarnpkg.com/nth-check/-/nth-check-2.0.1.tgz#2efe162f5c3da06a28959fbd3db75dbeea9f0fc2"
  integrity sha512-it1vE95zF6dTT9lBsYbxvqh0Soy4SPowchj0UBGj/V6cTPnXXtQOPUbhZ6CmGzAD/rW22LQK6E96pcdJXk4A4w==
  dependencies:
    boolbase "^1.0.0"

uhyphen@^0.1.0:
  version "0.1.0"
  resolved "https://registry.yarnpkg.com/uhyphen/-/uhyphen-0.1.0.tgz#3cc22afa790daa802b9f6789f3583108d5b4a08c"
  integrity sha512-o0QVGuFg24FK765Qdd5kk0zU/U4dEsCtN/GSiwNI9i8xsSVtjIAOdTaVhLwZ1nrbWxFVMxNDDl+9fednsOMsBw==
